
Microsoft Visual Studio Solution File, Format Version 12.00
# Visual Studio Version 17
VisualStudioVersion = 17.14.36414.22
MinimumVisualStudioVersion = 10.0.40219.1
Project("{FAE04EC0-301F-11D3-BF4B-00C04F79EFBC}") = "StepIT-ADO.NET-FinalProject", "StepIT-ADO.NET-FinalProject.csproj", "{E2AA4C06-2195-4F7D-B965-DE3270988953}"
EndProject
Global
	GlobalSection(SolutionConfigurationPlatforms) = preSolution
		Debug|Any CPU = Debug|Any CPU
		Release|Any CPU = Release|Any CPU
	EndGlobalSection
	GlobalSection(ProjectConfigurationPlatforms) = postSolution
		{E2AA4C06-2195-4F7D-B965-DE3270988953}.Debug|Any CPU.ActiveCfg = Debug|Any CPU
		{E2AA4C06-2195-4F7D-B965-DE3270988953}.Debug|Any CPU.Build.0 = Debug|Any CPU
		{E2AA4C06-2195-4F7D-B965-DE3270988953}.Release|Any CPU.ActiveCfg = Release|Any CPU
		{E2AA4C06-2195-4F7D-B965-DE3270988953}.Release|Any CPU.Build.0 = Release|Any CPU
	EndGlobalSection
	GlobalSection(SolutionProperties) = preSolution
		HideSolutionNode = FALSE
	EndGlobalSection
	GlobalSection(ExtensibilityGlobals) = postSolution
		SolutionGuid = {23F76CB0-B166-4F43-83B3-2CB023C29DE2}
	EndGlobalSection
EndGlobal
